
Microsoft Visual Studio Solution File, Format Version 12.00
# Visual Studio Version 17
VisualStudioVersion = 17.11.35431.28
MinimumVisualStudioVersion = 10.0.40219.1
Project("{8BC9CEB8-8B4A-11D0-8D11-00A0C91BC942}") = "ObeliskGui", "ObeliskGui.vcxproj", "{4AA4DEE2-5C0B-49E9-B890-45261E45075C}"
EndProject
Global
	GlobalSection(SolutionConfigurationPlatforms) = preSolution
		Debug|x64 = Debug|x64
		Debug|x86 = Debug|x86
		Release|x64 = Release|x64
		Release|x86 = Release|x86
	EndGlobalSection
	GlobalSection(ProjectConfigurationPlatforms) = postSolution
		{4AA4DEE2-5C0B-49E9-B890-45261E45075C}.Debug|x64.ActiveCfg = Debug|x64
		{4AA4DEE2-5C0B-49E9-B890-45261E45075C}.Debug|x64.Build.0 = Debug|x64
		{4AA4DEE2-5C0B-49E9-B890-45261E45075C}.Debug|x86.ActiveCfg = Debug|Win32
		{4AA4DEE2-5C0B-49E9-B890-45261E45075C}.Debug|x86.Build.0 = Debug|Win32
		{4AA4DEE2-5C0B-49E9-B890-45261E45075C}.Release|x64.ActiveCfg = Release|x64
		{4AA4DEE2-5C0B-49E9-B890-45261E45075C}.Release|x64.Build.0 = Release|x64
		{4AA4DEE2-5C0B-49E9-B890-45261E45075C}.Release|x86.ActiveCfg = Release|Win32
		{4AA4DEE2-5C0B-49E9-B890-45261E45075C}.Release|x86.Build.0 = Release|Win32
	EndGlobalSection
	GlobalSection(SolutionProperties) = preSolution
		HideSolutionNode = FALSE
	EndGlobalSection
	GlobalSection(ExtensibilityGlobals) = postSolution
		SolutionGuid = {809F5657-82A2-460B-BD16-55CAE4CBC7C4}
	EndGlobalSection
EndGlobal
